
Microsoft Visual Studio Solution File, Format Version 12.00
# Visual Studio 15
VisualStudioVersion = 15.0.28307.168
MinimumVisualStudioVersion = 10.0.40219.1
Project("{FAE04EC0-301F-11D3-BF4B-00C04F79EFBC}") = "Xam_Test2.Android", "Xam_Test2\Xam_Test2.Android\Xam_Test2.Android.csproj", "{ED87B034-E481-4937-AC1E-C8645751F3FA}"
EndProject
Project("{FAE04EC0-301F-11D3-BF4B-00C04F79EFBC}") = "Xam_Test2.iOS", "Xam_Test2\Xam_Test2.iOS\Xam_Test2.iOS.csproj", "{6F64C72E-8C26-41AC-8A00-1877B1F28F07}"
EndProject
Project("{FAE04EC0-301F-11D3-BF4B-00C04F79EFBC}") = "Xam_Test2", "Xam_Test2\Xam_Test2\Xam_Test2.csproj", "{0D09D026-6F10-45C8-8021-8F17BCF2F5C4}"
EndProject
Global
	GlobalSection(SolutionConfigurationPlatforms) = preSolution
		Ad-Hoc|Any CPU = Ad-Hoc|Any CPU
		Ad-Hoc|iPhone = Ad-Hoc|iPhone
		Ad-Hoc|iPhoneSimulator = Ad-Hoc|iPhoneSimulator
		AppStore|Any CPU = AppStore|Any CPU
		AppStore|iPhone = AppStore|iPhone
		AppStore|iPhoneSimulator = AppStore|iPhoneSimulator
		Debug|Any CPU = Debug|Any CPU
		Debug|iPhone = Debug|iPhone
		Debug|iPhoneSimulator = Debug|iPhoneSimulator
		Release|Any CPU = Release|Any CPU
		Release|iPhone = Release|iPhone
		Release|iPhoneSimulator = Release|iPhoneSimulator
	EndGlobalSection
	GlobalSection(ProjectConfigurationPlatforms) = postSolution
		{ED87B034-E481-4937-AC1E-C8645751F3FA}.Ad-Hoc|Any CPU.ActiveCfg = Release|Any CPU
		{ED87B034-E481-4937-AC1E-C8645751F3FA}.Ad-Hoc|Any CPU.Build.0 = Release|Any CPU
		{ED87B034-E481-4937-AC1E-C8645751F3FA}.Ad-Hoc|Any CPU.Deploy.0 = Release|Any CPU
		{ED87B034-E481-4937-AC1E-C8645751F3FA}.Ad-Hoc|iPhone.ActiveCfg = Release|Any CPU
		{ED87B034-E481-4937-AC1E-C8645751F3FA}.Ad-Hoc|iPhone.Build.0 = Release|Any CPU
		{ED87B034-E481-4937-AC1E-C8645751F3FA}.Ad-Hoc|iPhone.Deploy.0 = Release|Any CPU
		{ED87B034-E481-4937-AC1E-C8645751F3FA}.Ad-Hoc|iPhoneSimulator.ActiveCfg = Release|Any CPU
		{ED87B034-E481-4937-AC1E-C8645751F3FA}.Ad-Hoc|iPhoneSimulator.Build.0 = Release|Any CPU
		{ED87B034-E481-4937-AC1E-C8645751F3FA}.Ad-Hoc|iPhoneSimulator.Deploy.0 = Release|Any CPU
		{ED87B034-E481-4937-AC1E-C8645751F3FA}.AppStore|Any CPU.ActiveCfg = Release|Any CPU
		{ED87B034-E481-4937-AC1E-C8645751F3FA}.AppStore|Any CPU.Build.0 = Release|Any CPU
		{ED87B034-E481-4937-AC1E-C8645751F3FA}.AppStore|Any CPU.Deploy.0 = Release|Any CPU
		{ED87B034-E481-4937-AC1E-C8645751F3FA}.AppStore|iPhone.ActiveCfg = Release|Any CPU
		{ED87B034-E481-4937-AC1E-C8645751F3FA}.AppStore|iPhone.Build.0 = Release|Any CPU
		{ED87B034-E481-4937-AC1E-C8645751F3FA}.AppStore|iPhone.Deploy.0 = Release|Any CPU
		{ED87B034-E481-4937-AC1E-C8645751F3FA}.AppStore|iPhoneSimulator.ActiveCfg = Release|Any CPU
		{ED87B034-E481-4937-AC1E-C8645751F3FA}.AppStore|iPhoneSimulator.Build.0 = Release|Any CPU
		{ED87B034-E481-4937-AC1E-C8645751F3FA}.AppStore|iPhoneSimulator.Deploy.0 = Release|Any CPU
		{ED87B034-E481-4937-AC1E-C8645751F3FA}.Debug|Any CPU.ActiveCfg = Debug|Any CPU
		{ED87B034-E481-4937-AC1E-C8645751F3FA}.Debug|Any CPU.Build.0 = Debug|Any CPU
		{ED87B034-E481-4937-AC1E-C8645751F3FA}.Debug|Any CPU.Deploy.0 = Debug|Any CPU
		{ED87B034-E481-4937-AC1E-C8645751F3FA}.Debug|iPhone.ActiveCfg = Debug|Any CPU
		{ED87B034-E481-4937-AC1E-C8645751F3FA}.Debug|iPhone.Build.0 = Debug|Any CPU
		{ED87B034-E481-4937-AC1E-C8645751F3FA}.Debug|iPhone.Deploy.0 = Debug|Any CPU
		{ED87B034-E481-4937-AC1E-C8645751F3FA}.Debug|iPhoneSimulator.ActiveCfg = Debug|Any CPU
		{ED87B034-E481-4937-AC1E-C8645751F3FA}.Debug|iPhoneSimulator.Build.0 = Debug|Any CPU
		{ED87B034-E481-4937-AC1E-C8645751F3FA}.Debug|iPhoneSimulator.Deploy.0 = Debug|Any CPU
		{ED87B034-E481-4937-AC1E-C8645751F3FA}.Release|Any CPU.ActiveCfg = Release|Any CPU
		{ED87B034-E481-4937-AC1E-C8645751F3FA}.Release|Any CPU.Build.0 = Release|Any CPU
		{ED87B034-E481-4937-AC1E-C8645751F3FA}.Release|Any CPU.Deploy.0 = Release|Any CPU
		{ED87B034-E481-4937-AC1E-C8645751F3FA}.Release|iPhone.ActiveCfg = Release|Any CPU
		{ED87B034-E481-4937-AC1E-C8645751F3FA}.Release|iPhone.Build.0 = Release|Any CPU
		{ED87B034-E481-4937-AC1E-C8645751F3FA}.Release|iPhone.Deploy.0 = Release|Any CPU
		{ED87B034-E481-4937-AC1E-C8645751F3FA}.Release|iPhoneSimulator.ActiveCfg = Release|Any CPU
		{ED87B034-E481-4937-AC1E-C8645751F3FA}.Release|iPhoneSimulator.Build.0 = Release|Any CPU
		{ED87B034-E481-4937-AC1E-C8645751F3FA}.Release|iPhoneSimulator.Deploy.0 = Release|Any CPU
		{6F64C72E-8C26-41AC-8A00-1877B1F28F07}.Ad-Hoc|Any CPU.ActiveCfg = Ad-Hoc|iPhone
		{6F64C72E-8C26-41AC-8A00-1877B1F28F07}.Ad-Hoc|Any CPU.Build.0 = Ad-Hoc|iPhone
		{6F64C72E-8C26-41AC-8A00-1877B1F28F07}.Ad-Hoc|Any CPU.Deploy.0 = Ad-Hoc|iPhone
		{6F64C72E-8C26-41AC-8A00-1877B1F28F07}.Ad-Hoc|iPhone.ActiveCfg = Ad-Hoc|iPhone
		{6F64C72E-8C26-41AC-8A00-1877B1F28F07}.Ad-Hoc|iPhone.Build.0 = Ad-Hoc|iPhone
		{6F64C72E-8C26-41AC-8A00-1877B1F28F07}.Ad-Hoc|iPhone.Deploy.0 = Ad-Hoc|iPhone
		{6F64C72E-8C26-41AC-8A00-1877B1F28F07}.Ad-Hoc|iPhoneSimulator.ActiveCfg = Ad-Hoc|iPhoneSimulator
		{6F64C72E-8C26-41AC-8A00-1877B1F28F07}.Ad-Hoc|iPhoneSimulator.Build.0 = Ad-Hoc|iPhoneSimulator
		{6F64C72E-8C26-41AC-8A00-1877B1F28F07}.Ad-Hoc|iPhoneSimulator.Deploy.0 = Ad-Hoc|iPhoneSimulator
		{6F64C72E-8C26-41AC-8A00-1877B1F28F07}.AppStore|Any CPU.ActiveCfg = AppStore|iPhone
		{6F64C72E-8C26-41AC-8A00-1877B1F28F07}.AppStore|Any CPU.Build.0 = AppStore|iPhone
		{6F64C72E-8C26-41AC-8A00-1877B1F28F07}.AppStore|Any CPU.Deploy.0 = AppStore|iPhone
		{6F64C72E-8C26-41AC-8A00-1877B1F28F07}.AppStore|iPhone.ActiveCfg = AppStore|iPhone
		{6F64C72E-8C26-41AC-8A00-1877B1F28F07}.AppStore|iPhone.Build.0 = AppStore|iPhone
		{6F64C72E-8C26-41AC-8A00-1877B1F28F07}.AppStore|iPhone.Deploy.0 = AppStore|iPhone
		{6F64C72E-8C26-41AC-8A00-1877B1F28F07}.AppStore|iPhoneSimulator.ActiveCfg = AppStore|iPhoneSimulator
		{6F64C72E-8C26-41AC-8A00-1877B1F28F07}.AppStore|iPhoneSimulator.Build.0 = AppStore|iPhoneSimulator
		{6F64C72E-8C26-41AC-8A00-1877B1F28F07}.AppStore|iPhoneSimulator.Deploy.0 = AppStore|iPhoneSimulator
		{6F64C72E-8C26-41AC-8A00-1877B1F28F07}.Debug|Any CPU.ActiveCfg = Debug|iPhoneSimulator
		{6F64C72E-8C26-41AC-8A00-1877B1F28F07}.Debug|Any CPU.Build.0 = Debug|iPhoneSimulator
		{6F64C72E-8C26-41AC-8A00-1877B1F28F07}.Debug|Any CPU.Deploy.0 = Debug|iPhoneSimulator
		{6F64C72E-8C26-41AC-8A00-1877B1F28F07}.Debug|iPhone.ActiveCfg = Debug|iPhone
		{6F64C72E-8C26-41AC-8A00-1877B1F28F07}.Debug|iPhone.Build.0 = Debug|iPhone
		{6F64C72E-8C26-41AC-8A00-1877B1F28F07}.Debug|iPhone.Deploy.0 = Debug|iPhone
		{6F64C72E-8C26-41AC-8A00-1877B1F28F07}.Debug|iPhoneSimulator.ActiveCfg = Debug|iPhoneSimulator
		{6F64C72E-8C26-41AC-8A00-1877B1F28F07}.Debug|iPhoneSimulator.Build.0 = Debug|iPhoneSimulator
		{6F64C72E-8C26-41AC-8A00-1877B1F28F07}.Debug|iPhoneSimulator.Deploy.0 = Debug|iPhoneSimulator
		{6F64C72E-8C26-41AC-8A00-1877B1F28F07}.Release|Any CPU.ActiveCfg = Release|iPhone
		{6F64C72E-8C26-41AC-8A00-1877B1F28F07}.Release|Any CPU.Build.0 = Release|iPhone
		{6F64C72E-8C26-41AC-8A00-1877B1F28F07}.Release|Any CPU.Deploy.0 = Release|iPhone
		{6F64C72E-8C26-41AC-8A00-1877B1F28F07}.Release|iPhone.ActiveCfg = Release|iPhone
		{6F64C72E-8C26-41AC-8A00-1877B1F28F07}.Release|iPhone.Build.0 = Release|iPhone
		{6F64C72E-8C26-41AC-8A00-1877B1F28F07}.Release|iPhone.Deploy.0 = Release|iPhone
		{6F64C72E-8C26-41AC-8A00-1877B1F28F07}.Release|iPhoneSimulator.ActiveCfg = Release|iPhoneSimulator
		{6F64C72E-8C26-41AC-8A00-1877B1F28F07}.Release|iPhoneSimulator.Build.0 = Release|iPhoneSimulator
		{6F64C72E-8C26-41AC-8A00-1877B1F28F07}.Release|iPhoneSimulator.Deploy.0 = Release|iPhoneSimulator
		{0D09D026-6F10-45C8-8021-8F17BCF2F5C4}.Ad-Hoc|Any CPU.ActiveCfg = Debug|Any CPU
		{0D09D026-6F10-45C8-8021-8F17BCF2F5C4}.Ad-Hoc|Any CPU.Build.0 = Debug|Any CPU
		{0D09D026-6F10-45C8-8021-8F17BCF2F5C4}.Ad-Hoc|Any CPU.Deploy.0 = Debug|Any CPU
		{0D09D026-6F10-45C8-8021-8F17BCF2F5C4}.Ad-Hoc|iPhone.ActiveCfg = Debug|Any CPU
		{0D09D026-6F10-45C8-8021-8F17BCF2F5C4}.Ad-Hoc|iPhone.Build.0 = Debug|Any CPU
		{0D09D026-6F10-45C8-8021-8F17BCF2F5C4}.Ad-Hoc|iPhone.Deploy.0 = Debug|Any CPU
		{0D09D026-6F10-45C8-8021-8F17BCF2F5C4}.Ad-Hoc|iPhoneSimulator.ActiveCfg = Debug|Any CPU
		{0D09D026-6F10-45C8-8021-8F17BCF2F5C4}.Ad-Hoc|iPhoneSimulator.Build.0 = Debug|Any CPU
		{0D09D026-6F10-45C8-8021-8F17BCF2F5C4}.Ad-Hoc|iPhoneSimulator.Deploy.0 = Debug|Any CPU
		{0D09D026-6F10-45C8-8021-8F17BCF2F5C4}.AppStore|Any CPU.ActiveCfg = Debug|Any CPU
		{0D09D026-6F10-45C8-8021-8F17BCF2F5C4}.AppStore|Any CPU.Build.0 = Debug|Any CPU
		{0D09D026-6F10-45C8-8021-8F17BCF2F5C4}.AppStore|Any CPU.Deploy.0 = Debug|Any CPU
		{0D09D026-6F10-45C8-8021-8F17BCF2F5C4}.AppStore|iPhone.ActiveCfg = Debug|Any CPU
		{0D09D026-6F10-45C8-8021-8F17BCF2F5C4}.AppStore|iPhone.Build.0 = Debug|Any CPU
		{0D09D026-6F10-45C8-8021-8F17BCF2F5C4}.AppStore|iPhone.Deploy.0 = Debug|Any CPU
		{0D09D026-6F10-45C8-8021-8F17BCF2F5C4}.AppStore|iPhoneSimulator.ActiveCfg = Debug|Any CPU
		{0D09D026-6F10-45C8-8021-8F17BCF2F5C4}.AppStore|iPhoneSimulator.Build.0 = Debug|Any CPU
		{0D09D026-6F10-45C8-8021-8F17BCF2F5C4}.AppStore|iPhoneSimulator.Deploy.0 = Debug|Any CPU
		{0D09D026-6F10-45C8-8021-8F17BCF2F5C4}.Debug|Any CPU.ActiveCfg = Debug|Any CPU
		{0D09D026-6F10-45C8-8021-8F17BCF2F5C4}.Debug|Any CPU.Build.0 = Debug|Any CPU
		{0D09D026-6F10-45C8-8021-8F17BCF2F5C4}.Debug|Any CPU.Deploy.0 = Debug|Any CPU
		{0D09D026-6F10-45C8-8021-8F17BCF2F5C4}.Debug|iPhone.ActiveCfg = Debug|Any CPU
		{0D09D026-6F10-45C8-8021-8F17BCF2F5C4}.Debug|iPhone.Build.0 = Debug|Any CPU
		{0D09D026-6F10-45C8-8021-8F17BCF2F5C4}.Debug|iPhone.Deploy.0 = Debug|Any CPU
		{0D09D026-6F10-45C8-8021-8F17BCF2F5C4}.Debug|iPhoneSimulator.ActiveCfg = Debug|Any CPU
		{0D09D026-6F10-45C8-8021-8F17BCF2F5C4}.Debug|iPhoneSimulator.Build.0 = Debug|Any CPU
		{0D09D026-6F10-45C8-8021-8F17BCF2F5C4}.Debug|iPhoneSimulator.Deploy.0 = Debug|Any CPU
		{0D09D026-6F10-45C8-8021-8F17BCF2F5C4}.Release|Any CPU.ActiveCfg = Release|Any CPU
		{0D09D026-6F10-45C8-8021-8F17BCF2F5C4}.Release|Any CPU.Build.0 = Release|Any CPU
		{0D09D026-6F10-45C8-8021-8F17BCF2F5C4}.Release|Any CPU.Deploy.0 = Release|Any CPU
		{0D09D026-6F10-45C8-8021-8F17BCF2F5C4}.Release|iPhone.ActiveCfg = Release|Any CPU
		{0D09D026-6F10-45C8-8021-8F17BCF2F5C4}.Release|iPhone.Build.0 = Release|Any CPU
		{0D09D026-6F10-45C8-8021-8F17BCF2F5C4}.Release|iPhone.Deploy.0 = Release|Any CPU
		{0D09D026-6F10-45C8-8021-8F17BCF2F5C4}.Release|iPhoneSimulator.ActiveCfg = Release|Any CPU
		{0D09D026-6F10-45C8-8021-8F17BCF2F5C4}.Release|iPhoneSimulator.Build.0 = Release|Any CPU
		{0D09D026-6F10-45C8-8021-8F17BCF2F5C4}.Release|iPhoneSimulator.Deploy.0 = Release|Any CPU
	EndGlobalSection
	GlobalSection(SolutionProperties) = preSolution
		HideSolutionNode = FALSE
	EndGlobalSection
	GlobalSection(ExtensibilityGlobals) = postSolution
		SolutionGuid = {0D78A90F-9462-48D7-83BE-90C0ED6D2AB5}
	EndGlobalSection
EndGlobal
